// !$*UTF8*$!
{
	archiveVersion = 1;
	classes = {
	};
	objectVersion = 50;
	objects = {

/* Begin PBXBuildFile section */
		F431B5EC22197B8400206E7A /* EncounterA.sks in Resources */ = {isa = PBXBuildFile; fileRef = F431B5EB22197B8400206E7A /* EncounterA.sks */; };
		F44BE04C22184E060017B37E /* Star.swift in Sources */ = {isa = PBXBuildFile; fileRef = F44BE04B22184E060017B37E /* Star.swift */; };
		F44BE051221854E00017B37E /* MadFly.swift in Sources */ = {isa = PBXBuildFile; fileRef = F44BE050221854E00017B37E /* MadFly.swift */; };
		F44BE0532218573D0017B37E /* Bat.swift in Sources */ = {isa = PBXBuildFile; fileRef = F44BE0522218573D0017B37E /* Bat.swift */; };
		F44BE05522185B200017B37E /* Blade.swift in Sources */ = {isa = PBXBuildFile; fileRef = F44BE05422185B200017B37E /* Blade.swift */; };
		F44BE057221862A10017B37E /* Coin.swift in Sources */ = {isa = PBXBuildFile; fileRef = F44BE056221862A10017B37E /* Coin.swift */; };
		F4727A05220C2C32008F1F37 /* GameSprite.swift in Sources */ = {isa = PBXBuildFile; fileRef = F4727A04220C2C32008F1F37 /* GameSprite.swift */; };
		F4727A07220C2CED008F1F37 /* Bee.swift in Sources */ = {isa = PBXBuildFile; fileRef = F4727A06220C2CED008F1F37 /* Bee.swift */; };
		F4727A09220C336E008F1F37 /* Ground.swift in Sources */ = {isa = PBXBuildFile; fileRef = F4727A08220C336E008F1F37 /* Ground.swift */; };
		F4727A0B220C453F008F1F37 /* Player.swift in Sources */ = {isa = PBXBuildFile; fileRef = F4727A0A220C453F008F1F37 /* Player.swift */; };
		F492B453220714890030C4F9 /* AppDelegate.swift in Sources */ = {isa = PBXBuildFile; fileRef = F492B452220714890030C4F9 /* AppDelegate.swift */; };
		F492B455220714890030C4F9 /* GameScene.sks in Resources */ = {isa = PBXBuildFile; fileRef = F492B454220714890030C4F9 /* GameScene.sks */; };
		F492B457220714890030C4F9 /* Actions.sks in Resources */ = {isa = PBXBuildFile; fileRef = F492B456220714890030C4F9 /* Actions.sks */; };
		F492B459220714890030C4F9 /* GameScene.swift in Sources */ = {isa = PBXBuildFile; fileRef = F492B458220714890030C4F9 /* GameScene.swift */; };
		F492B45B220714890030C4F9 /* GameViewController.swift in Sources */ = {isa = PBXBuildFile; fileRef = F492B45A220714890030C4F9 /* GameViewController.swift */; };
		F492B45E220714890030C4F9 /* Main.storyboard in Resources */ = {isa = PBXBuildFile; fileRef = F492B45C220714890030C4F9 /* Main.storyboard */; };
		F492B4602207148D0030C4F9 /* Assets.xcassets in Resources */ = {isa = PBXBuildFile; fileRef = F492B45F2207148D0030C4F9 /* Assets.xcassets */; };
		F492B4632207148D0030C4F9 /* LaunchScreen.storyboard in Resources */ = {isa = PBXBuildFile; fileRef = F492B4612207148D0030C4F9 /* LaunchScreen.storyboard */; };
/* End PBXBuildFile section */

/* Begin PBXFileReference section */
		F431B5EB22197B8400206E7A /* EncounterA.sks */ = {isa = PBXFileReference; lastKnownFileType = file.sks; path = EncounterA.sks; sourceTree = "<group>"; };
		F44BE04B22184E060017B37E /* Star.swift */ = {isa = PBXFileReference; lastKnownFileType = sourcecode.swift; path = Star.swift; sourceTree = "<group>"; };
		F44BE050221854E00017B37E /* MadFly.swift */ = {isa = PBXFileReference; lastKnownFileType = sourcecode.swift; path = MadFly.swift; sourceTree = "<group>"; };
		F44BE0522218573D0017B37E /* Bat.swift */ = {isa = PBXFileReference; lastKnownFileType = sourcecode.swift; path = Bat.swift; sourceTree = "<group>"; };
		F44BE05422185B200017B37E /* Blade.swift */ = {isa = PBXFileReference; lastKnownFileType = sourcecode.swift; path = Blade.swift; sourceTree = "<group>"; };
		F44BE056221862A10017B37E /* Coin.swift */ = {isa = PBXFileReference; lastKnownFileType = sourcecode.swift; path = Coin.swift; sourceTree = "<group>"; };
		F4727A04220C2C32008F1F37 /* GameSprite.swift */ = {isa = PBXFileReference; lastKnownFileType = sourcecode.swift; path = GameSprite.swift; sourceTree = "<group>"; };
		F4727A06220C2CED008F1F37 /* Bee.swift */ = {isa = PBXFileReference; lastKnownFileType = sourcecode.swift; path = Bee.swift; sourceTree = "<group>"; };
		F4727A08220C336E008F1F37 /* Ground.swift */ = {isa = PBXFileReference; lastKnownFileType = sourcecode.swift; path = Ground.swift; sourceTree = "<group>"; };
		F4727A0A220C453F008F1F37 /* Player.swift */ = {isa = PBXFileReference; lastKnownFileType = sourcecode.swift; path = Player.swift; sourceTree = "<group>"; };
		F492B44F220714890030C4F9 /* Pierre Penguin Escape.app */ = {isa = PBXFileReference; explicitFileType = wrapper.application; includeInIndex = 0; path = "Pierre Penguin Escape.app"; sourceTree = BUILT_PRODUCTS_DIR; };
		F492B452220714890030C4F9 /* AppDelegate.swift */ = {isa = PBXFileReference; lastKnownFileType = sourcecode.swift; path = AppDelegate.swift; sourceTree = "<group>"; };
		F492B454220714890030C4F9 /* GameScene.sks */ = {isa = PBXFileReference; lastKnownFileType = file.sks; path = GameScene.sks; sourceTree = "<group>"; };
		F492B456220714890030C4F9 /* Actions.sks */ = {isa = PBXFileReference; lastKnownFileType = file.sks; path = Actions.sks; sourceTree = "<group>"; };
		F492B458220714890030C4F9 /* GameScene.swift */ = {isa = PBXFileReference; lastKnownFileType = sourcecode.swift; path = GameScene.swift; sourceTree = "<group>"; };
		F492B45A220714890030C4F9 /* GameViewController.swift */ = {isa = PBXFileReference; lastKnownFileType = sourcecode.swift; path = GameViewController.swift; sourceTree = "<group>"; };
		F492B45D220714890030C4F9 /* Base */ = {isa = PBXFileReference; lastKnownFileType = file.storyboard; name = Base; path = Base.lproj/Main.storyboard; sourceTree = "<group>"; };
		F492B45F2207148D0030C4F9 /* Assets.xcassets */ = {isa = PBXFileReference; lastKnownFileType = folder.assetcatalog; path = Assets.xcassets; sourceTree = "<group>"; };
		F492B4622207148D0030C4F9 /* Base */ = {isa = PBXFileReference; lastKnownFileType = file.storyboard; name = Base; path = Base.lproj/LaunchScreen.storyboard; sourceTree = "<group>"; };
		F492B4642207148D0030C4F9 /* Info.plist */ = {isa = PBXFileReference; lastKnownFileType = text.plist.xml; path = Info.plist; sourceTree = "<group>"; };
/* End PBXFileReference section */

/* Begin PBXFrameworksBuildPhase section */
		F492B44C220714890030C4F9 /* Frameworks */ = {
			isa = PBXFrameworksBuildPhase;
			buildActionMask = 2147483647;
			files = (
			);
			runOnlyForDeploymentPostprocessing = 0;
		};
/* End PBXFrameworksBuildPhase section */

/* Begin PBXGroup section */
		13CEB157221A7DC1005BC513 /* Enemies */ = {
			isa = PBXGroup;
			children = (
				F44BE05422185B200017B37E /* Blade.swift */,
				F4727A06220C2CED008F1F37 /* Bee.swift */,
				F44BE0522218573D0017B37E /* Bat.swift */,
				F44BE050221854E00017B37E /* MadFly.swift */,
			);
			path = Enemies;
			sourceTree = "<group>";
		};
		13CEB158221A7DD6005BC513 /* Environment */ = {
			isa = PBXGroup;
			children = (
				F44BE04B22184E060017B37E /* Star.swift */,
				F4727A08220C336E008F1F37 /* Ground.swift */,
				F44BE056221862A10017B37E /* Coin.swift */,
			);
			path = Environment;
			sourceTree = "<group>";
		};
		13CEB159221A7DF2005BC513 /* Pierre */ = {
			isa = PBXGroup;
			children = (
				F4727A0A220C453F008F1F37 /* Player.swift */,
			);
			path = Pierre;
			sourceTree = "<group>";
		};
		F431B5EA22197B1600206E7A /* Encounters */ = {
			isa = PBXGroup;
			children = (
				F431B5EB22197B8400206E7A /* EncounterA.sks */,
			);
			path = Encounters;
			sourceTree = "<group>";
		};
		F492B446220714890030C4F9 = {
			isa = PBXGroup;
			children = (
				F492B451220714890030C4F9 /* Pierre Penguin Escape */,
				F492B450220714890030C4F9 /* Products */,
			);
			sourceTree = "<group>";
		};
		F492B450220714890030C4F9 /* Products */ = {
			isa = PBXGroup;
			children = (
				F492B44F220714890030C4F9 /* Pierre Penguin Escape.app */,
			);
			name = Products;
			sourceTree = "<group>";
		};
		F492B451220714890030C4F9 /* Pierre Penguin Escape */ = {
			isa = PBXGroup;
			children = (
				F492B4642207148D0030C4F9 /* Info.plist */,
				F492B456220714890030C4F9 /* Actions.sks */,
				F492B454220714890030C4F9 /* GameScene.sks */,
				F492B452220714890030C4F9 /* AppDelegate.swift */,
				F431B5EA22197B1600206E7A /* Encounters */,
				13CEB157221A7DC1005BC513 /* Enemies */,
				13CEB158221A7DD6005BC513 /* Environment */,
				13CEB159221A7DF2005BC513 /* Pierre */,
				F492B458220714890030C4F9 /* GameScene.swift */,
				F4727A04220C2C32008F1F37 /* GameSprite.swift */,
				F492B45A220714890030C4F9 /* GameViewController.swift */,
				F492B45F2207148D0030C4F9 /* Assets.xcassets */,
				F492B4612207148D0030C4F9 /* LaunchScreen.storyboard */,
				F492B45C220714890030C4F9 /* Main.storyboard */,
			);
			path = "Pierre Penguin Escape";
			sourceTree = "<group>";
		};
/* End PBXGroup section */

/* Begin PBXNativeTarget section */
		F492B44E220714890030C4F9 /* Pierre Penguin Escape */ = {
			isa = PBXNativeTarget;
			buildConfigurationList = F492B4672207148D0030C4F9 /* Build configuration list for PBXNativeTarget "Pierre Penguin Escape" */;
			buildPhases = (
				F492B44B220714890030C4F9 /* Sources */,
				F492B44C220714890030C4F9 /* Frameworks */,
				F492B44D220714890030C4F9 /* Resources */,
			);
			buildRules = (
			);
			dependencies = (
			);
			name = "Pierre Penguin Escape";
			productName = "Pierre Penguin Escape";
			productReference = F492B44F220714890030C4F9 /* Pierre Penguin Escape.app */;
			productType = "com.apple.product-type.application";
		};
/* End PBXNativeTarget section */

/* Begin PBXProject section */
		F492B447220714890030C4F9 /* Project object */ = {
			isa = PBXProject;
			attributes = {
				LastSwiftUpdateCheck = 1010;
				LastUpgradeCheck = 1010;
				ORGANIZATIONNAME = dmitriy1;
				TargetAttributes = {
					F492B44E220714890030C4F9 = {
						CreatedOnToolsVersion = 10.1;
					};
				};
			};
			buildConfigurationList = F492B44A220714890030C4F9 /* Build configuration list for PBXProject "Pierre Penguin Escape" */;
			compatibilityVersion = "Xcode 9.3";
			developmentRegion = en;
			hasScannedForEncodings = 0;
			knownRegions = (
				en,
				Base,
			);
			mainGroup = F492B446220714890030C4F9;
			productRefGroup = F492B450220714890030C4F9 /* Products */;
			projectDirPath = "";
			projectRoot = "";
			targets = (
				F492B44E220714890030C4F9 /* Pierre Penguin Escape */,
			);
		};
/* End PBXProject section */

/* Begin PBXResourcesBuildPhase section */
		F492B44D220714890030C4F9 /* Resources */ = {
			isa = PBXResourcesBuildPhase;
			buildActionMask = 2147483647;
			files = (
				F492B45E220714890030C4F9 /* Main.storyboard in Resources */,
				F492B455220714890030C4F9 /* GameScene.sks in Resources */,
				F492B4602207148D0030C4F9 /* Assets.xcassets in Resources */,
				F431B5EC22197B8400206E7A /* EncounterA.sks in Resources */,
				F492B4632207148D0030C4F9 /* LaunchScreen.storyboard in Resources */,
				F492B457220714890030C4F9 /* Actions.sks in Resources */,
			);
			runOnlyForDeploymentPostprocessing = 0;
		};
/* End PBXResourcesBuildPhase section */

/* Begin PBXSourcesBuildPhase section */
		F492B44B220714890030C4F9 /* Sources */ = {
			isa = PBXSourcesBuildPhase;
			buildActionMask = 2147483647;
			files = (
				F4727A09220C336E008F1F37 /* Ground.swift in Sources */,
				F4727A07220C2CED008F1F37 /* Bee.swift in Sources */,
				F4727A05220C2C32008F1F37 /* GameSprite.swift in Sources */,
				F492B459220714890030C4F9 /* GameScene.swift in Sources */,
				F4727A0B220C453F008F1F37 /* Player.swift in Sources */,
				F44BE0532218573D0017B37E /* Bat.swift in Sources */,
				F44BE057221862A10017B37E /* Coin.swift in Sources */,
				F492B45B220714890030C4F9 /* GameViewController.swift in Sources */,
				F492B453220714890030C4F9 /* AppDelegate.swift in Sources */,
				F44BE05522185B200017B37E /* Blade.swift in Sources */,
				F44BE051221854E00017B37E /* MadFly.swift in Sources */,
				F44BE04C22184E060017B37E /* Star.swift in Sources */,
			);
			runOnlyForDeploymentPostprocessing = 0;
		};
/* End PBXSourcesBuildPhase section */

/* Begin PBXVariantGroup section */
		F492B45C220714890030C4F9 /* Main.storyboard */ = {
			isa = PBXVariantGroup;
			children = (
				F492B45D220714890030C4F9 /* Base */,
			);
			name = Main.storyboard;
			sourceTree = "<group>";
		};
		F492B4612207148D0030C4F9 /* LaunchScreen.storyboard */ = {
			isa = PBXVariantGroup;
			children = (
				F492B4622207148D0030C4F9 /* Base */,
			);
			name = LaunchScreen.storyboard;
			sourceTree = "<group>";
		};
/* End PBXVariantGroup section */

/* Begin XCBuildConfiguration section */
		F492B4652207148D0030C4F9 /* Debug */ = {
			isa = XCBuildConfiguration;
			buildSettings = {
				ALWAYS_SEARCH_USER_PATHS = NO;
				CLANG_ANALYZER_NONNULL = YES;
				CLANG_ANALYZER_NUMBER_OBJECT_CONVERSION = YES_AGGRESSIVE;
				CLANG_CXX_LANGUAGE_STANDARD = "gnu++14";
				CLANG_CXX_LIBRARY = "libc++";
				CLANG_ENABLE_MODULES = YES;
				CLANG_ENABLE_OBJC_ARC = YES;
				CLANG_ENABLE_OBJC_WEAK = YES;
				CLANG_WARN_BLOCK_CAPTURE_AUTORELEASING = YES;
				CLANG_WARN_BOOL_CONVERSION = YES;
				CLANG_WARN_COMMA = YES;
				CLANG_WARN_CONSTANT_CONVERSION = YES;
				CLANG_WARN_DEPRECATED_OBJC_IMPLEMENTATIONS = YES;
				CLANG_WARN_DIRECT_OBJC_ISA_USAGE = YES_ERROR;
				CLANG_WARN_DOCUMENTATION_COMMENTS = YES;
				CLANG_WARN_EMPTY_BODY = YES;
				CLANG_WARN_ENUM_CONVERSION = YES;
				CLANG_WARN_INFINITE_RECURSION = YES;
				CLANG_WARN_INT_CONVERSION = YES;
				CLANG_WARN_NON_LITERAL_NULL_CONVERSION = YES;
				CLANG_WARN_OBJC_IMPLICIT_RETAIN_SELF = YES;
				CLANG_WARN_OBJC_LITERAL_CONVERSION = YES;
				CLANG_WARN_OBJC_ROOT_CLASS = YES_ERROR;
				CLANG_WARN_RANGE_LOOP_ANALYSIS = YES;
				CLANG_WARN_STRICT_PROTOTYPES = YES;
				CLANG_WARN_SUSPICIOUS_MOVE = YES;
				CLANG_WARN_UNGUARDED_AVAILABILITY = YES_AGGRESSIVE;
				CLANG_WARN_UNREACHABLE_CODE = YES;
				CLANG_WARN__DUPLICATE_METHOD_MATCH = YES;
				CODE_SIGN_IDENTITY = "iPhone Developer";
				COPY_PHASE_STRIP = NO;
				DEBUG_INFORMATION_FORMAT = dwarf;
				ENABLE_STRICT_OBJC_MSGSEND = YES;
				ENABLE_TESTABILITY = YES;
				GCC_C_LANGUAGE_STANDARD = gnu11;
				GCC_DYNAMIC_NO_PIC = NO;
				GCC_NO_COMMON_BLOCKS = YES;
				GCC_OPTIMIZATION_LEVEL = 0;
				GCC_PREPROCESSOR_DEFINITIONS = (
					"DEBUG=1",
					"$(inherited)",
				);
				GCC_WARN_64_TO_32_BIT_CONVERSION = YES;
				GCC_WARN_ABOUT_RETURN_TYPE = YES_ERROR;
				GCC_WARN_UNDECLARED_SELECTOR = YES;
				GCC_WARN_UNINITIALIZED_AUTOS = YES_AGGRESSIVE;
				GCC_WARN_UNUSED_FUNCTION = YES;
				GCC_WARN_UNUSED_VARIABLE = YES;
				IPHONEOS_DEPLOYMENT_TARGET = 12.1;
				MTL_ENABLE_DEBUG_INFO = INCLUDE_SOURCE;
				MTL_FAST_MATH = YES;
				ONLY_ACTIVE_ARCH = YES;
				SDKROOT = iphoneos;
				SWIFT_ACTIVE_COMPILATION_CONDITIONS = DEBUG;
				SWIFT_OPTIMIZATION_LEVEL = "-Onone";
			};
			name = Debug;
		};
		F492B4662207148D0030C4F9 /* Release */ = {
			isa = XCBuildConfiguration;
			buildSettings = {
				ALWAYS_SEARCH_USER_PATHS = NO;
				CLANG_ANALYZER_NONNULL = YES;
				CLANG_ANALYZER_NUMBER_OBJECT_CONVERSION = YES_AGGRESSIVE;
				CLANG_CXX_LANGUAGE_STANDARD = "gnu++14";
				CLANG_CXX_LIBRARY = "libc++";
				CLANG_ENABLE_MODULES = YES;
				CLANG_ENABLE_OBJC_ARC = YES;
				CLANG_ENABLE_OBJC_WEAK = YES;
				CLANG_WARN_BLOCK_CAPTURE_AUTORELEASING = YES;
				CLANG_WARN_BOOL_CONVERSION = YES;
				CLANG_WARN_COMMA = YES;
				CLANG_WARN_CONSTANT_CONVERSION = YES;
				CLANG_WARN_DEPRECATED_OBJC_IMPLEMENTATIONS = YES;
				CLANG_WARN_DIRECT_OBJC_ISA_USAGE = YES_ERROR;
				CLANG_WARN_DOCUMENTATION_COMMENTS = YES;
				CLANG_WARN_EMPTY_BODY = YES;
				CLANG_WARN_ENUM_CONVERSION = YES;
				CLANG_WARN_INFINITE_RECURSION = YES;
				CLANG_WARN_INT_CONVERSION = YES;
				CLANG_WARN_NON_LITERAL_NULL_CONVERSION = YES;
				CLANG_WARN_OBJC_IMPLICIT_RETAIN_SELF = YES;
				CLANG_WARN_OBJC_LITERAL_CONVERSION = YES;
				CLANG_WARN_OBJC_ROOT_CLASS = YES_ERROR;
				CLANG_WARN_RANGE_LOOP_ANALYSIS = YES;
				CLANG_WARN_STRICT_PROTOTYPES = YES;
				CLANG_WARN_SUSPICIOUS_MOVE = YES;
				CLANG_WARN_UNGUARDED_AVAILABILITY = YES_AGGRESSIVE;
				CLANG_WARN_UNREACHABLE_CODE = YES;
				CLANG_WARN__DUPLICATE_METHOD_MATCH = YES;
				CODE_SIGN_IDENTITY = "iPhone Developer";
				COPY_PHASE_STRIP = NO;
				DEBUG_INFORMATION_FORMAT = "dwarf-with-dsym";
				ENABLE_NS_ASSERTIONS = NO;
				ENABLE_STRICT_OBJC_MSGSEND = YES;
				GCC_C_LANGUAGE_STANDARD = gnu11;
				GCC_NO_COMMON_BLOCKS = YES;
				GCC_WARN_64_TO_32_BIT_CONVERSION = YES;
				GCC_WARN_ABOUT_RETURN_TYPE = YES_ERROR;
				GCC_WARN_UNDECLARED_SELECTOR = YES;
				GCC_WARN_UNINITIALIZED_AUTOS = YES_AGGRESSIVE;
				GCC_WARN_UNUSED_FUNCTION = YES;
				GCC_WARN_UNUSED_VARIABLE = YES;
				IPHONEOS_DEPLOYMENT_TARGET = 12.1;
				MTL_ENABLE_DEBUG_INFO = NO;
				MTL_FAST_MATH = YES;
				SDKROOT = iphoneos;
				SWIFT_COMPILATION_MODE = wholemodule;
				SWIFT_OPTIMIZATION_LEVEL = "-O";
				VALIDATE_PRODUCT = YES;
			};
			name = Release;
		};
		F492B4682207148D0030C4F9 /* Debug */ = {
			isa = XCBuildConfiguration;
			buildSettings = {
				ASSETCATALOG_COMPILER_APPICON_NAME = AppIcon;
				CODE_SIGN_STYLE = Automatic;
				DEVELOPMENT_TEAM = 452NG5983H;
				INFOPLIST_FILE = "Pierre Penguin Escape/Info.plist";
				IPHONEOS_DEPLOYMENT_TARGET = 12.1;
				LD_RUNPATH_SEARCH_PATHS = (
					"$(inherited)",
					"@executable_path/Frameworks",
				);
				PRODUCT_BUNDLE_IDENTIFIER = "com.dmitriy1.Pierre-Penguin-Escape";
				PRODUCT_NAME = "$(TARGET_NAME)";
				SWIFT_VERSION = 4.2;
				TARGETED_DEVICE_FAMILY = "1,2";
			};
			name = Debug;
		};
		F492B4692207148D0030C4F9 /* Release */ = {
			isa = XCBuildConfiguration;
			buildSettings = {
				ASSETCATALOG_COMPILER_APPICON_NAME = AppIcon;
				CODE_SIGN_STYLE = Automatic;
				DEVELOPMENT_TEAM = 452NG5983H;
				INFOPLIST_FILE = "Pierre Penguin Escape/Info.plist";
				IPHONEOS_DEPLOYMENT_TARGET = 12.1;
				LD_RUNPATH_SEARCH_PATHS = (
					"$(inherited)",
					"@executable_path/Frameworks",
				);
				PRODUCT_BUNDLE_IDENTIFIER = "com.dmitriy1.Pierre-Penguin-Escape";
				PRODUCT_NAME = "$(TARGET_NAME)";
				SWIFT_VERSION = 4.2;
				TARGETED_DEVICE_FAMILY = "1,2";
			};
			name = Release;
		};
/* End XCBuildConfiguration section */

/* Begin XCConfigurationList section */
		F492B44A220714890030C4F9 /* Build configuration list for PBXProject "Pierre Penguin Escape" */ = {
			isa = XCConfigurationList;
			buildConfigurations = (
				F492B4652207148D0030C4F9 /* Debug */,
				F492B4662207148D0030C4F9 /* Release */,
			);
			defaultConfigurationIsVisible = 0;
			defaultConfigurationName = Release;
		};
		F492B4672207148D0030C4F9 /* Build configuration list for PBXNativeTarget "Pierre Penguin Escape" */ = {
			isa = XCConfigurationList;
			buildConfigurations = (
				F492B4682207148D0030C4F9 /* Debug */,
				F492B4692207148D0030C4F9 /* Release */,
			);
			defaultConfigurationIsVisible = 0;
			defaultConfigurationName = Release;
		};
/* End XCConfigurationList section */
	};
	rootObject = F492B447220714890030C4F9 /* Project object */;
}
